
Microsoft Visual Studio Solution File, Format Version 12.00
# Visual Studio Version 17
VisualStudioVersion = 17.8.34330.188
MinimumVisualStudioVersion = 10.0.40219.1
Project("{FAE04EC0-301F-11D3-BF4B-00C04F79EFBC}") = "ROCK,PAPER,SCISSOR,GAME", "ROCK,PAPER,SCISSOR,GAME\ROCK,PAPER,SCISSOR,GAME.csproj", "{FE92D725-E45B-4EA9-837E-354C8F73E5AF}"
EndProject
Global
	GlobalSection(SolutionConfigurationPlatforms) = preSolution
		Debug|Any CPU = Debug|Any CPU
		Release|Any CPU = Release|Any CPU
	EndGlobalSection
	GlobalSection(ProjectConfigurationPlatforms) = postSolution
		{FE92D725-E45B-4EA9-837E-354C8F73E5AF}.Debug|Any CPU.ActiveCfg = Debug|Any CPU
		{FE92D725-E45B-4EA9-837E-354C8F73E5AF}.Debug|Any CPU.Build.0 = Debug|Any CPU
		{FE92D725-E45B-4EA9-837E-354C8F73E5AF}.Release|Any CPU.ActiveCfg = Release|Any CPU
		{FE92D725-E45B-4EA9-837E-354C8F73E5AF}.Release|Any CPU.Build.0 = Release|Any CPU
	EndGlobalSection
	GlobalSection(SolutionProperties) = preSolution
		HideSolutionNode = FALSE
	EndGlobalSection
	GlobalSection(ExtensibilityGlobals) = postSolution
		SolutionGuid = {519AA41B-B06A-4449-BB7C-E305F8E3230B}
	EndGlobalSection
EndGlobal
